{
  "name": "esptool-js",
  "lockfileVersion": 2,
  "requires": true,
  "packages": {
    "": {
      "name": "esptool-js",
      "dependencies": {
        "bluejay-rtttl-parse": "^2.0.2",
        "crypto-js": "^4.0.0",
        "xterm": "^4.19.0"
      }
    },
    "node_modules/bluejay-rtttl-parse": {
      "version": "2.0.2",
      "resolved": "https://registry.npmjs.org/bluejay-rtttl-parse/-/bluejay-rtttl-parse-2.0.2.tgz",
      "integrity": "sha512-Rs6eGqbCjSM4n9V93+tC6b9xZMCkTF67aRkfFzaVFlrFPJo8Gxi0swLisdUL4n4bBNfgkGEVzkEPww9L60gMng=="
    },
    "node_modules/crypto-js": {
      "version": "4.0.0",
      "resolved": "https://registry.npmjs.org/crypto-js/-/crypto-js-4.0.0.tgz",
      "integrity": "sha512-bzHZN8Pn+gS7DQA6n+iUmBfl0hO5DJq++QP3U6uTucDtk/0iGpXd/Gg7CGR0p8tJhofJyaKoWBuJI4eAO00BBg=="
    },
    "node_modules/xterm": {
      "version": "4.19.0",
      "resolved": "https://registry.npmjs.org/xterm/-/xterm-4.19.0.tgz",
      "integrity": "sha512-c3Cp4eOVsYY5Q839dR5IejghRPpxciGmLWWaP9g+ppfMeBChMeLa1DCA+pmX/jyDZ+zxFOmlJL/82qVdayVoGQ=="
    }
  },
  "dependencies": {
    "bluejay-rtttl-parse": {
      "version": "2.0.2",
      "resolved": "https://registry.npmjs.org/bluejay-rtttl-parse/-/bluejay-rtttl-parse-2.0.2.tgz",
      "integrity": "sha512-Rs6eGqbCjSM4n9V93+tC6b9xZMCkTF67aRkfFzaVFlrFPJo8Gxi0swLisdUL4n4bBNfgkGEVzkEPww9L60gMng=="
    },
    "crypto-js": {
      "version": "4.0.0",
      "resolved": "https://registry.npmjs.org/crypto-js/-/crypto-js-4.0.0.tgz",
      "integrity": "sha512-bzHZN8Pn+gS7DQA6n+iUmBfl0hO5DJq++QP3U6uTucDtk/0iGpXd/Gg7CGR0p8tJhofJyaKoWBuJI4eAO00BBg=="
    },
    "xterm": {
      "version": "4.19.0",
      "resolved": "https://registry.npmjs.org/xterm/-/xterm-4.19.0.tgz",
      "integrity": "sha512-c3Cp4eOVsYY5Q839dR5IejghRPpxciGmLWWaP9g+ppfMeBChMeLa1DCA+pmX/jyDZ+zxFOmlJL/82qVdayVoGQ=="
    }
  }
}
